
Microsoft Visual Studio Solution File, Format Version 12.00
# Visual Studio Version 17
VisualStudioVersion = 17.9.34622.214
MinimumVisualStudioVersion = 10.0.40219.1
Project("{9A19103F-16F7-4668-BE54-9A1E7A4F7556}") = "MyProxy", "MyProxy.csproj", "{86EA4596-5895-4C74-B6B7-281A9DF63975}"
EndProject
Global
	GlobalSection(SolutionConfigurationPlatforms) = preSolution
		Debug|Any CPU = Debug|Any CPU
		Release|Any CPU = Release|Any CPU
	EndGlobalSection
	GlobalSection(ProjectConfigurationPlatforms) = postSolution
		{86EA4596-5895-4C74-B6B7-281A9DF63975}.Debug|Any CPU.ActiveCfg = Debug|Any CPU
		{86EA4596-5895-4C74-B6B7-281A9DF63975}.Debug|Any CPU.Build.0 = Debug|Any CPU
		{86EA4596-5895-4C74-B6B7-281A9DF63975}.Release|Any CPU.ActiveCfg = Release|Any CPU
		{86EA4596-5895-4C74-B6B7-281A9DF63975}.Release|Any CPU.Build.0 = Release|Any CPU
	EndGlobalSection
	GlobalSection(SolutionProperties) = preSolution
		HideSolutionNode = FALSE
	EndGlobalSection
	GlobalSection(ExtensibilityGlobals) = postSolution
		SolutionGuid = {00D554E8-FEAB-42AF-B3EF-231665D7F7FC}
	EndGlobalSection
EndGlobal
